
Microsoft Visual Studio Solution File, Format Version 12.00
# Visual Studio 15
VisualStudioVersion = 15.0.26124.0
MinimumVisualStudioVersion = 15.0.26124.0
Project("{2150E333-8FDC-42A3-9474-1A3956D46DE8}") = "src", "src", "{54206853-76CD-48FA-955D-1D4054F958A9}"
EndProject
Project("{FAE04EC0-301F-11D3-BF4B-00C04F79EFBC}") = "GradeBook", "src\gradebook\GradeBook.csproj", "{0C81AD70-B753-4FDD-A40A-C910470DD094}"
EndProject
Project("{2150E333-8FDC-42A3-9474-1A3956D46DE8}") = "test", "test", "{43DD2677-528E-4124-BA72-207E964136EC}"
EndProject
Project("{FAE04EC0-301F-11D3-BF4B-00C04F79EFBC}") = "GradeBook.test", "test\GradeBook.test\GradeBook.test.csproj", "{62EE8694-9418-4EC0-884F-A6167BE892C9}"
EndProject
Global
	GlobalSection(SolutionConfigurationPlatforms) = preSolution
		Debug|Any CPU = Debug|Any CPU
		Debug|x64 = Debug|x64
		Debug|x86 = Debug|x86
		Release|Any CPU = Release|Any CPU
		Release|x64 = Release|x64
		Release|x86 = Release|x86
	EndGlobalSection
	GlobalSection(SolutionProperties) = preSolution
		HideSolutionNode = FALSE
	EndGlobalSection
	GlobalSection(ProjectConfigurationPlatforms) = postSolution
		{0C81AD70-B753-4FDD-A40A-C910470DD094}.Debug|Any CPU.ActiveCfg = Debug|Any CPU
		{0C81AD70-B753-4FDD-A40A-C910470DD094}.Debug|Any CPU.Build.0 = Debug|Any CPU
		{0C81AD70-B753-4FDD-A40A-C910470DD094}.Debug|x64.ActiveCfg = Debug|Any CPU
		{0C81AD70-B753-4FDD-A40A-C910470DD094}.Debug|x64.Build.0 = Debug|Any CPU
		{0C81AD70-B753-4FDD-A40A-C910470DD094}.Debug|x86.ActiveCfg = Debug|Any CPU
		{0C81AD70-B753-4FDD-A40A-C910470DD094}.Debug|x86.Build.0 = Debug|Any CPU
		{0C81AD70-B753-4FDD-A40A-C910470DD094}.Release|Any CPU.ActiveCfg = Release|Any CPU
		{0C81AD70-B753-4FDD-A40A-C910470DD094}.Release|Any CPU.Build.0 = Release|Any CPU
		{0C81AD70-B753-4FDD-A40A-C910470DD094}.Release|x64.ActiveCfg = Release|Any CPU
		{0C81AD70-B753-4FDD-A40A-C910470DD094}.Release|x64.Build.0 = Release|Any CPU
		{0C81AD70-B753-4FDD-A40A-C910470DD094}.Release|x86.ActiveCfg = Release|Any CPU
		{0C81AD70-B753-4FDD-A40A-C910470DD094}.Release|x86.Build.0 = Release|Any CPU
		{62EE8694-9418-4EC0-884F-A6167BE892C9}.Debug|Any CPU.ActiveCfg = Debug|Any CPU
		{62EE8694-9418-4EC0-884F-A6167BE892C9}.Debug|Any CPU.Build.0 = Debug|Any CPU
		{62EE8694-9418-4EC0-884F-A6167BE892C9}.Debug|x64.ActiveCfg = Debug|Any CPU
		{62EE8694-9418-4EC0-884F-A6167BE892C9}.Debug|x64.Build.0 = Debug|Any CPU
		{62EE8694-9418-4EC0-884F-A6167BE892C9}.Debug|x86.ActiveCfg = Debug|Any CPU
		{62EE8694-9418-4EC0-884F-A6167BE892C9}.Debug|x86.Build.0 = Debug|Any CPU
		{62EE8694-9418-4EC0-884F-A6167BE892C9}.Release|Any CPU.ActiveCfg = Release|Any CPU
		{62EE8694-9418-4EC0-884F-A6167BE892C9}.Release|Any CPU.Build.0 = Release|Any CPU
		{62EE8694-9418-4EC0-884F-A6167BE892C9}.Release|x64.ActiveCfg = Release|Any CPU
		{62EE8694-9418-4EC0-884F-A6167BE892C9}.Release|x64.Build.0 = Release|Any CPU
		{62EE8694-9418-4EC0-884F-A6167BE892C9}.Release|x86.ActiveCfg = Release|Any CPU
		{62EE8694-9418-4EC0-884F-A6167BE892C9}.Release|x86.Build.0 = Release|Any CPU
	EndGlobalSection
	GlobalSection(NestedProjects) = preSolution
		{0C81AD70-B753-4FDD-A40A-C910470DD094} = {54206853-76CD-48FA-955D-1D4054F958A9}
		{62EE8694-9418-4EC0-884F-A6167BE892C9} = {43DD2677-528E-4124-BA72-207E964136EC}
	EndGlobalSection
EndGlobal
